
Microsoft Visual Studio Solution File, Format Version 12.00
# Visual Studio Version 16
VisualStudioVersion = 16.0.30804.86
MinimumVisualStudioVersion = 10.0.40219.1
Project("{FAE04EC0-301F-11D3-BF4B-00C04F79EFBC}") = "Lasqa.Logic", "Lasqa.Logic\Lasqa.Logic.csproj", "{96FA1C5C-132C-4122-98DB-2E2481BB2A1B}"
EndProject
Project("{FAE04EC0-301F-11D3-BF4B-00C04F79EFBC}") = "Lasqa.Tests", "Lasqa.Tests\Lasqa.Tests.csproj", "{0B9837E8-5382-4298-909F-2107D80A2DE9}"
EndProject
Global
	GlobalSection(SolutionConfigurationPlatforms) = preSolution
		Debug|Any CPU = Debug|Any CPU
		Release|Any CPU = Release|Any CPU
	EndGlobalSection
	GlobalSection(ProjectConfigurationPlatforms) = postSolution
		{96FA1C5C-132C-4122-98DB-2E2481BB2A1B}.Debug|Any CPU.ActiveCfg = Debug|Any CPU
		{96FA1C5C-132C-4122-98DB-2E2481BB2A1B}.Debug|Any CPU.Build.0 = Debug|Any CPU
		{96FA1C5C-132C-4122-98DB-2E2481BB2A1B}.Release|Any CPU.ActiveCfg = Release|Any CPU
		{96FA1C5C-132C-4122-98DB-2E2481BB2A1B}.Release|Any CPU.Build.0 = Release|Any CPU
		{0B9837E8-5382-4298-909F-2107D80A2DE9}.Debug|Any CPU.ActiveCfg = Debug|Any CPU
		{0B9837E8-5382-4298-909F-2107D80A2DE9}.Debug|Any CPU.Build.0 = Debug|Any CPU
		{0B9837E8-5382-4298-909F-2107D80A2DE9}.Release|Any CPU.ActiveCfg = Release|Any CPU
		{0B9837E8-5382-4298-909F-2107D80A2DE9}.Release|Any CPU.Build.0 = Release|Any CPU
	EndGlobalSection
	GlobalSection(SolutionProperties) = preSolution
		HideSolutionNode = FALSE
	EndGlobalSection
	GlobalSection(ExtensibilityGlobals) = postSolution
		SolutionGuid = {7D1795AA-CF50-4F58-BC2D-5F9679AAEC24}
	EndGlobalSection
EndGlobal
